
Microsoft Visual Studio Solution File, Format Version 12.00
# Visual Studio Version 16
VisualStudioVersion = 16.0.29020.237
MinimumVisualStudioVersion = 10.0.40219.1
Project("{FAE04EC0-301F-11D3-BF4B-00C04F79EFBC}") = "WPFByYourCommand", "WPFByYourCommand\WPFByYourCommand.csproj", "{89CC2D45-35B2-4C73-8C4C-AD12BB67CF7A}"
EndProject
Global
	GlobalSection(SolutionConfigurationPlatforms) = preSolution
		Debug|Any CPU = Debug|Any CPU
		Release|Any CPU = Release|Any CPU
	EndGlobalSection
	GlobalSection(ProjectConfigurationPlatforms) = postSolution
		{89CC2D45-35B2-4C73-8C4C-AD12BB67CF7A}.Debug|Any CPU.ActiveCfg = Debug|Any CPU
		{89CC2D45-35B2-4C73-8C4C-AD12BB67CF7A}.Debug|Any CPU.Build.0 = Debug|Any CPU
		{89CC2D45-35B2-4C73-8C4C-AD12BB67CF7A}.Release|Any CPU.ActiveCfg = Release|Any CPU
		{89CC2D45-35B2-4C73-8C4C-AD12BB67CF7A}.Release|Any CPU.Build.0 = Release|Any CPU
	EndGlobalSection
	GlobalSection(SolutionProperties) = preSolution
		HideSolutionNode = FALSE
	EndGlobalSection
	GlobalSection(ExtensibilityGlobals) = postSolution
		SolutionGuid = {17312081-E2E5-4B55-91C4-63EC9DBD252C}
	EndGlobalSection
EndGlobal
